
Microsoft Visual Studio Solution File, Format Version 12.00
# Visual Studio 15
Project("{FAE04EC0-301F-11D3-BF4B-00C04F79EFBC}") = "Assembly-CSharp", "Assembly-CSharp.csproj", "{FA0D2BAF-011E-A7E3-423B-E45E825B515C}"
EndProject
Project("{FAE04EC0-301F-11D3-BF4B-00C04F79EFBC}") = "DOTween.Modules", "DOTween.Modules.csproj", "{730D5757-3295-482E-A0C5-E09D8CB7BF23}"
EndProject
Global
	GlobalSection(SolutionConfigurationPlatforms) = preSolution
		Debug|Any CPU = Debug|Any CPU
		Release|Any CPU = Release|Any CPU
	EndGlobalSection
	GlobalSection(ProjectConfigurationPlatforms) = postSolution
		{FA0D2BAF-011E-A7E3-423B-E45E825B515C}.Debug|Any CPU.ActiveCfg = Debug|Any CPU
		{FA0D2BAF-011E-A7E3-423B-E45E825B515C}.Debug|Any CPU.Build.0 = Debug|Any CPU
		{FA0D2BAF-011E-A7E3-423B-E45E825B515C}.Release|Any CPU.ActiveCfg = Release|Any CPU
		{FA0D2BAF-011E-A7E3-423B-E45E825B515C}.Release|Any CPU.Build.0 = Release|Any CPU
		{730D5757-3295-482E-A0C5-E09D8CB7BF23}.Debug|Any CPU.ActiveCfg = Debug|Any CPU
		{730D5757-3295-482E-A0C5-E09D8CB7BF23}.Debug|Any CPU.Build.0 = Debug|Any CPU
		{730D5757-3295-482E-A0C5-E09D8CB7BF23}.Release|Any CPU.ActiveCfg = Release|Any CPU
		{730D5757-3295-482E-A0C5-E09D8CB7BF23}.Release|Any CPU.Build.0 = Release|Any CPU
	EndGlobalSection
	GlobalSection(SolutionProperties) = preSolution
		HideSolutionNode = FALSE
	EndGlobalSection
EndGlobal
